
Microsoft Visual Studio Solution File, Format Version 12.00
# Visual Studio Version 17
VisualStudioVersion = 17.4.33122.133
MinimumVisualStudioVersion = 10.0.40219.1
Project("{9A19103F-16F7-4668-BE54-9A1E7A4F7556}") = "PokemonApp", "PokemonApp\PokemonApp.csproj", "{7D1A7424-DE9C-4993-BC71-41B16389B04E}"
EndProject
Project("{9A19103F-16F7-4668-BE54-9A1E7A4F7556}") = "PokemonAppTests", "PokemonAppTests\PokemonAppTests.csproj", "{C00FF84F-F61D-463C-963D-6D7335A311BC}"
EndProject
Project("{9A19103F-16F7-4668-BE54-9A1E7A4F7556}") = "Reviews", "Reviews\Reviews.csproj", "{7DC5358E-AD8C-4051-B13B-F0EBA448C65F}"
EndProject
Project("{9A19103F-16F7-4668-BE54-9A1E7A4F7556}") = "Shared", "Shared\Shared.csproj", "{3E915868-2883-40F3-B16F-A411E2C0E995}"
EndProject
Global
	GlobalSection(SolutionConfigurationPlatforms) = preSolution
		Debug|Any CPU = Debug|Any CPU
		Release|Any CPU = Release|Any CPU
	EndGlobalSection
	GlobalSection(ProjectConfigurationPlatforms) = postSolution
		{7D1A7424-DE9C-4993-BC71-41B16389B04E}.Debug|Any CPU.ActiveCfg = Debug|Any CPU
		{7D1A7424-DE9C-4993-BC71-41B16389B04E}.Debug|Any CPU.Build.0 = Debug|Any CPU
		{7D1A7424-DE9C-4993-BC71-41B16389B04E}.Release|Any CPU.ActiveCfg = Release|Any CPU
		{7D1A7424-DE9C-4993-BC71-41B16389B04E}.Release|Any CPU.Build.0 = Release|Any CPU
		{C00FF84F-F61D-463C-963D-6D7335A311BC}.Debug|Any CPU.ActiveCfg = Debug|Any CPU
		{C00FF84F-F61D-463C-963D-6D7335A311BC}.Debug|Any CPU.Build.0 = Debug|Any CPU
		{C00FF84F-F61D-463C-963D-6D7335A311BC}.Release|Any CPU.ActiveCfg = Release|Any CPU
		{C00FF84F-F61D-463C-963D-6D7335A311BC}.Release|Any CPU.Build.0 = Release|Any CPU
		{7DC5358E-AD8C-4051-B13B-F0EBA448C65F}.Debug|Any CPU.ActiveCfg = Debug|Any CPU
		{7DC5358E-AD8C-4051-B13B-F0EBA448C65F}.Debug|Any CPU.Build.0 = Debug|Any CPU
		{7DC5358E-AD8C-4051-B13B-F0EBA448C65F}.Release|Any CPU.ActiveCfg = Release|Any CPU
		{7DC5358E-AD8C-4051-B13B-F0EBA448C65F}.Release|Any CPU.Build.0 = Release|Any CPU
		{3E915868-2883-40F3-B16F-A411E2C0E995}.Debug|Any CPU.ActiveCfg = Debug|Any CPU
		{3E915868-2883-40F3-B16F-A411E2C0E995}.Debug|Any CPU.Build.0 = Debug|Any CPU
		{3E915868-2883-40F3-B16F-A411E2C0E995}.Release|Any CPU.ActiveCfg = Release|Any CPU
		{3E915868-2883-40F3-B16F-A411E2C0E995}.Release|Any CPU.Build.0 = Release|Any CPU
	EndGlobalSection
	GlobalSection(SolutionProperties) = preSolution
		HideSolutionNode = FALSE
	EndGlobalSection
	GlobalSection(ExtensibilityGlobals) = postSolution
		SolutionGuid = {4DC37552-3960-4F43-BCD4-7452FA97497F}
	EndGlobalSection
EndGlobal
